
Microsoft Visual Studio Solution File, Format Version 12.00
# Visual Studio 15
VisualStudioVersion = 15.0.28307.539
MinimumVisualStudioVersion = 10.0.40219.1
Project("{9A19103F-16F7-4668-BE54-9A1E7A4F7556}") = "CobrancaML", "CobrancaML\CobrancaML.csproj", "{528171D4-0F9E-4D8D-B976-3FD0F617C9E7}"
EndProject
Project("{9A19103F-16F7-4668-BE54-9A1E7A4F7556}") = "CobrancaMLML.Model", "CobrancaMLML.Model\CobrancaMLML.Model.csproj", "{2555A0EA-25D7-4311-8DAC-5BA254A6CCFA}"
EndProject
Project("{9A19103F-16F7-4668-BE54-9A1E7A4F7556}") = "CobrancaMLML.ConsoleApp", "CobrancaMLML.ConsoleApp\CobrancaMLML.ConsoleApp.csproj", "{1876F653-D15B-4778-900A-9E2AA99035AF}"
EndProject
Global
	GlobalSection(SolutionConfigurationPlatforms) = preSolution
		Debug|Any CPU = Debug|Any CPU
		Release|Any CPU = Release|Any CPU
	EndGlobalSection
	GlobalSection(ProjectConfigurationPlatforms) = postSolution
		{528171D4-0F9E-4D8D-B976-3FD0F617C9E7}.Debug|Any CPU.ActiveCfg = Debug|Any CPU
		{528171D4-0F9E-4D8D-B976-3FD0F617C9E7}.Debug|Any CPU.Build.0 = Debug|Any CPU
		{528171D4-0F9E-4D8D-B976-3FD0F617C9E7}.Release|Any CPU.ActiveCfg = Release|Any CPU
		{528171D4-0F9E-4D8D-B976-3FD0F617C9E7}.Release|Any CPU.Build.0 = Release|Any CPU
		{2555A0EA-25D7-4311-8DAC-5BA254A6CCFA}.Debug|Any CPU.ActiveCfg = Debug|Any CPU
		{2555A0EA-25D7-4311-8DAC-5BA254A6CCFA}.Debug|Any CPU.Build.0 = Debug|Any CPU
		{2555A0EA-25D7-4311-8DAC-5BA254A6CCFA}.Release|Any CPU.ActiveCfg = Release|Any CPU
		{2555A0EA-25D7-4311-8DAC-5BA254A6CCFA}.Release|Any CPU.Build.0 = Release|Any CPU
		{1876F653-D15B-4778-900A-9E2AA99035AF}.Debug|Any CPU.ActiveCfg = Debug|Any CPU
		{1876F653-D15B-4778-900A-9E2AA99035AF}.Debug|Any CPU.Build.0 = Debug|Any CPU
		{1876F653-D15B-4778-900A-9E2AA99035AF}.Release|Any CPU.ActiveCfg = Release|Any CPU
		{1876F653-D15B-4778-900A-9E2AA99035AF}.Release|Any CPU.Build.0 = Release|Any CPU
	EndGlobalSection
	GlobalSection(SolutionProperties) = preSolution
		HideSolutionNode = FALSE
	EndGlobalSection
	GlobalSection(ExtensibilityGlobals) = postSolution
		SolutionGuid = {CC667636-B856-45E8-8C96-2A0F9D8A5DC0}
	EndGlobalSection
EndGlobal
